# This file is automatically @generated by Cargo.
# It is not intended for manual editing.
version = 3

[[package]]
name = "service-orchestrator"
version = "0.1.0"
dependencies = [
 "service-orchestrator-application",
 "service-orchestrator-build",
 "service-orchestrator-config",
 "service-orchestrator-domain",
 "service-orchestrator-execution",
 "service-orchestrator-git",
 "service-orchestrator-health",
 "service-orchestrator-liquibase",
 "service-orchestrator-logging",
 "service-orchestrator-mcp",
 "service-orchestrator-policy",
 "service-orchestrator-process",
 "service-orchestrator-tui",
]

[[package]]
name = "service-orchestrator-application"
version = "0.1.0"
dependencies = [
 "service-orchestrator-domain",
 "service-orchestrator-execution",
 "service-orchestrator-policy",
]

[[package]]
name = "service-orchestrator-build"
version = "0.1.0"
dependencies = [
 "service-orchestrator-application",
 "service-orchestrator-domain",
]

[[package]]
name = "service-orchestrator-config"
version = "0.1.0"
dependencies = [
 "service-orchestrator-domain",
]

[[package]]
name = "service-orchestrator-domain"
version = "0.1.0"

[[package]]
name = "service-orchestrator-execution"
version = "0.1.0"
dependencies = [
 "service-orchestrator-domain",
]

[[package]]
name = "service-orchestrator-git"
version = "0.1.0"
dependencies = [
 "service-orchestrator-application",
 "service-orchestrator-domain",
]

[[package]]
name = "service-orchestrator-health"
version = "0.1.0"
dependencies = [
 "service-orchestrator-application",
 "service-orchestrator-domain",
]

[[package]]
name = "service-orchestrator-liquibase"
version = "0.1.0"
dependencies = [
 "service-orchestrator-application",
 "service-orchestrator-domain",
]

[[package]]
name = "service-orchestrator-logging"
version = "0.1.0"
dependencies = [
 "service-orchestrator-application",
 "service-orchestrator-domain",
]

[[package]]
name = "service-orchestrator-mcp"
version = "0.1.0"
dependencies = [
 "service-orchestrator-application",
]

[[package]]
name = "service-orchestrator-policy"
version = "0.1.0"
dependencies = [
 "service-orchestrator-domain",
]

[[package]]
name = "service-orchestrator-process"
version = "0.1.0"
dependencies = [
 "service-orchestrator-application",
 "service-orchestrator-domain",
]

[[package]]
name = "service-orchestrator-tui"
version = "0.1.0"
dependencies = [
 "service-orchestrator-application",
]
